
Microsoft Visual Studio Solution File, Format Version 12.00
# Visual Studio Version 16
VisualStudioVersion = 16.0.31129.286
MinimumVisualStudioVersion = 10.0.40219.1
Project("{9092AA53-FB77-4645-B42D-1CCCA6BD08BD}") = "TAPXI", "NodejsWebApp1\TAPXI.njsproj", "{43EA48ED-8481-4861-9246-D1BD25E0A94C}"
EndProject
Global
	GlobalSection(SolutionConfigurationPlatforms) = preSolution
		Debug|Any CPU = Debug|Any CPU
		Release|Any CPU = Release|Any CPU
	EndGlobalSection
	GlobalSection(ProjectConfigurationPlatforms) = postSolution
		{43EA48ED-8481-4861-9246-D1BD25E0A94C}.Debug|Any CPU.ActiveCfg = Debug|Any CPU
		{43EA48ED-8481-4861-9246-D1BD25E0A94C}.Debug|Any CPU.Build.0 = Debug|Any CPU
		{43EA48ED-8481-4861-9246-D1BD25E0A94C}.Release|Any CPU.ActiveCfg = Release|Any CPU
		{43EA48ED-8481-4861-9246-D1BD25E0A94C}.Release|Any CPU.Build.0 = Release|Any CPU
	EndGlobalSection
	GlobalSection(SolutionProperties) = preSolution
		HideSolutionNode = FALSE
	EndGlobalSection
	GlobalSection(ExtensibilityGlobals) = postSolution
		SolutionGuid = {D8C3FED0-EF5A-4054-828D-04B4C5A9B00D}
	EndGlobalSection
EndGlobal
